# THIS IS AN AUTOGENERATED FILE. DO NOT EDIT THIS FILE DIRECTLY.
# yarn lockfile v1


"@types/node@18.x":
  version "18.16.14"
  resolved "https://registry.yarnpkg.com/@types/node/-/node-18.16.14.tgz#ab67bb907f1146afc6fedb9ce60ae8a99c989631"
  integrity sha512-+ImzUB3mw2c5ISJUq0punjDilUQ5GnUim0ZRvchHIWJmOC0G+p0kzhXBqj6cDjK0QdPFwzrHWgrJp3RPvCG5qg==

typescript@5.x:
  version "5.0.4"
  resolved "https://registry.yarnpkg.com/typescript/-/typescript-5.0.4.tgz#b217fd20119bd61a94d4011274e0ab369058da3b"
  integrity sha512-cW9T5W9xY37cc+jfEnaUvX91foxtHkza3Nw3wkoF4sSlKn0MONdkdEndig/qPBWXNkmplh3NzayQzCiHM4/hqw==
